
Microsoft Visual Studio Solution File, Format Version 12.00
# Visual Studio 15
VisualStudioVersion = 15.0.26823.1
MinimumVisualStudioVersion = 10.0.40219.1
Project("{FAE04EC0-301F-11D3-BF4B-00C04F79EFBC}") = "CosmosDBGremlinFlights.Console", "CosmosDBGremlinFlights.Console\CosmosDBGremlinFlights.Console.csproj", "{0DDD443D-B531-418D-B091-20126444157C}"
EndProject
Project("{FAE04EC0-301F-11D3-BF4B-00C04F79EFBC}") = "CosmosDBGremlinFlights.Web", "CosmosDBGremlinFlights.Web\CosmosDBGremlinFlights.Web.csproj", "{01DB9FBA-5448-4DE5-AF88-CA164028D7FB}"
EndProject
Global
	GlobalSection(SolutionConfigurationPlatforms) = preSolution
		Debug|Any CPU = Debug|Any CPU
		Release|Any CPU = Release|Any CPU
	EndGlobalSection
	GlobalSection(ProjectConfigurationPlatforms) = postSolution
		{0DDD443D-B531-418D-B091-20126444157C}.Debug|Any CPU.ActiveCfg = Debug|Any CPU
		{0DDD443D-B531-418D-B091-20126444157C}.Debug|Any CPU.Build.0 = Debug|Any CPU
		{0DDD443D-B531-418D-B091-20126444157C}.Release|Any CPU.ActiveCfg = Release|Any CPU
		{0DDD443D-B531-418D-B091-20126444157C}.Release|Any CPU.Build.0 = Release|Any CPU
		{01DB9FBA-5448-4DE5-AF88-CA164028D7FB}.Debug|Any CPU.ActiveCfg = Debug|Any CPU
		{01DB9FBA-5448-4DE5-AF88-CA164028D7FB}.Debug|Any CPU.Build.0 = Debug|Any CPU
		{01DB9FBA-5448-4DE5-AF88-CA164028D7FB}.Release|Any CPU.ActiveCfg = Release|Any CPU
		{01DB9FBA-5448-4DE5-AF88-CA164028D7FB}.Release|Any CPU.Build.0 = Release|Any CPU
	EndGlobalSection
	GlobalSection(SolutionProperties) = preSolution
		HideSolutionNode = FALSE
	EndGlobalSection
	GlobalSection(ExtensibilityGlobals) = postSolution
		SolutionGuid = {5871DA8E-95EB-4AEB-BB4E-91E949CE42B6}
	EndGlobalSection
EndGlobal
